
Microsoft Visual Studio Solution File, Format Version 12.00
# Visual Studio 15
VisualStudioVersion = 15.0.27428.2037
MinimumVisualStudioVersion = 10.0.40219.1
Project("{9A19103F-16F7-4668-BE54-9A1E7A4F7556}") = "UserDataAPI", "UserDataAPI.csproj", "{C0C39D8F-9A40-41FD-B9DE-41FA9B890A33}"
EndProject
Global
	GlobalSection(SolutionConfigurationPlatforms) = preSolution
		Debug|Any CPU = Debug|Any CPU
		Release|Any CPU = Release|Any CPU
	EndGlobalSection
	GlobalSection(ProjectConfigurationPlatforms) = postSolution
		{C0C39D8F-9A40-41FD-B9DE-41FA9B890A33}.Debug|Any CPU.ActiveCfg = Debug|Any CPU
		{C0C39D8F-9A40-41FD-B9DE-41FA9B890A33}.Debug|Any CPU.Build.0 = Debug|Any CPU
		{C0C39D8F-9A40-41FD-B9DE-41FA9B890A33}.Release|Any CPU.ActiveCfg = Release|Any CPU
		{C0C39D8F-9A40-41FD-B9DE-41FA9B890A33}.Release|Any CPU.Build.0 = Release|Any CPU
	EndGlobalSection
	GlobalSection(SolutionProperties) = preSolution
		HideSolutionNode = FALSE
	EndGlobalSection
	GlobalSection(ExtensibilityGlobals) = postSolution
		SolutionGuid = {23A7DC98-05F5-47CE-B929-C751B61396ED}
	EndGlobalSection
EndGlobal
